// !$*UTF8*$!
{
	archiveVersion = 1;
	classes = {
	};
	objectVersion = 56;
	objects = {

/* Begin PBXBuildFile section */
		7540AA7F2925451A0029AA30 /* AppDelegate.swift in Sources */ = {isa = PBXBuildFile; fileRef = 7540AA7E2925451A0029AA30 /* AppDelegate.swift */; };
		7540AA882925451B0029AA30 /* Assets.xcassets in Resources */ = {isa = PBXBuildFile; fileRef = 7540AA872925451B0029AA30 /* Assets.xcassets */; };
		7540AA8B2925451B0029AA30 /* LaunchScreen.storyboard in Resources */ = {isa = PBXBuildFile; fileRef = 7540AA892925451B0029AA30 /* LaunchScreen.storyboard */; };
		7540AA962925451B0029AA30 /* AppTests.swift in Sources */ = {isa = PBXBuildFile; fileRef = 7540AA952925451B0029AA30 /* AppTests.swift */; };
		7540AAA02925451B0029AA30 /* AppUITests.swift in Sources */ = {isa = PBXBuildFile; fileRef = 7540AA9F2925451B0029AA30 /* AppUITests.swift */; };
		7540AAA22925451B0029AA30 /* AppUITestsLaunchTests.swift in Sources */ = {isa = PBXBuildFile; fileRef = 7540AAA12925451B0029AA30 /* AppUITestsLaunchTests.swift */; };
		7540AAC229254B6E0029AA30 /* RootViewController.swift in Sources */ = {isa = PBXBuildFile; fileRef = 7540AAC129254B6E0029AA30 /* RootViewController.swift */; };
		7540AAC629254BE60029AA30 /* Inter-Regular.ttf in Resources */ = {isa = PBXBuildFile; fileRef = 7540AAC429254BE60029AA30 /* Inter-Regular.ttf */; };
		7540AAC729254BE60029AA30 /* Inter-Bold.ttf in Resources */ = {isa = PBXBuildFile; fileRef = 7540AAC529254BE60029AA30 /* Inter-Bold.ttf */; };
		7540AACA29254C800029AA30 /* UIFont.InterFontFamily.swift in Sources */ = {isa = PBXBuildFile; fileRef = 7540AAC929254C800029AA30 /* UIFont.InterFontFamily.swift */; };
		7540AB34292582970029AA30 /* RootViewController.View.swift in Sources */ = {isa = PBXBuildFile; fileRef = 7540AB33292582970029AA30 /* RootViewController.View.swift */; };
/* End PBXBuildFile section */

/* Begin PBXContainerItemProxy section */
		7540AA922925451B0029AA30 /* PBXContainerItemProxy */ = {
			isa = PBXContainerItemProxy;
			containerPortal = 7540AA732925451A0029AA30 /* Project object */;
			proxyType = 1;
			remoteGlobalIDString = 7540AA7A2925451A0029AA30;
			remoteInfo = App;
		};
		7540AA9C2925451B0029AA30 /* PBXContainerItemProxy */ = {
			isa = PBXContainerItemProxy;
			containerPortal = 7540AA732925451A0029AA30 /* Project object */;
			proxyType = 1;
			remoteGlobalIDString = 7540AA7A2925451A0029AA30;
			remoteInfo = App;
		};
		7540AAB8292545B00029AA30 /* PBXContainerItemProxy */ = {
			isa = PBXContainerItemProxy;
			containerPortal = 7540AAB3292545B00029AA30 /* CalculatorSDK.xcodeproj */;
			proxyType = 2;
			remoteGlobalIDString = 7540AA5A292545000029AA30;
			remoteInfo = CalculatorSDK;
		};
		7540AABA292545B00029AA30 /* PBXContainerItemProxy */ = {
			isa = PBXContainerItemProxy;
			containerPortal = 7540AAB3292545B00029AA30 /* CalculatorSDK.xcodeproj */;
			proxyType = 2;
			remoteGlobalIDString = 7540AA62292545000029AA30;
			remoteInfo = CalculatorSDKTests;
		};
		7540AABC292545C50029AA30 /* PBXContainerItemProxy */ = {
			isa = PBXContainerItemProxy;
			containerPortal = 7540AAB3292545B00029AA30 /* CalculatorSDK.xcodeproj */;
			proxyType = 1;
			remoteGlobalIDString = 7540AA59292545000029AA30;
			remoteInfo = CalculatorSDK;
		};
		7540AB2529256CE50029AA30 /* PBXContainerItemProxy */ = {
			isa = PBXContainerItemProxy;
			containerPortal = 7540AB2029256CE50029AA30 /* CommonUI.xcodeproj */;
			proxyType = 2;
			remoteGlobalIDString = 7540AAE829256C290029AA30;
			remoteInfo = CommonUI;
		};
		7540AB2729256CE50029AA30 /* PBXContainerItemProxy */ = {
			isa = PBXContainerItemProxy;
			containerPortal = 7540AB2029256CE50029AA30 /* CommonUI.xcodeproj */;
			proxyType = 2;
			remoteGlobalIDString = 7540AAF029256C290029AA30;
			remoteInfo = CommonUITests;
		};
		7540AB2929256CEE0029AA30 /* PBXContainerItemProxy */ = {
			isa = PBXContainerItemProxy;
			containerPortal = 7540AB2029256CE50029AA30 /* CommonUI.xcodeproj */;
			proxyType = 1;
			remoteGlobalIDString = 7540AAE729256C290029AA30;
			remoteInfo = CommonUI;
		};
/* End PBXContainerItemProxy section */

/* Begin PBXFileReference section */
		7540AA7B2925451A0029AA30 /* App.app */ = {isa = PBXFileReference; explicitFileType = wrapper.application; includeInIndex = 0; path = App.app; sourceTree = BUILT_PRODUCTS_DIR; };
		7540AA7E2925451A0029AA30 /* AppDelegate.swift */ = {isa = PBXFileReference; lastKnownFileType = sourcecode.swift; path = AppDelegate.swift; sourceTree = "<group>"; };
		7540AA872925451B0029AA30 /* Assets.xcassets */ = {isa = PBXFileReference; lastKnownFileType = folder.assetcatalog; path = Assets.xcassets; sourceTree = "<group>"; };
		7540AA8A2925451B0029AA30 /* Base */ = {isa = PBXFileReference; lastKnownFileType = file.storyboard; name = Base; path = Base.lproj/LaunchScreen.storyboard; sourceTree = "<group>"; };
		7540AA8C2925451B0029AA30 /* Info.plist */ = {isa = PBXFileReference; lastKnownFileType = text.plist.xml; path = Info.plist; sourceTree = "<group>"; };
		7540AA912925451B0029AA30 /* AppTests.xctest */ = {isa = PBXFileReference; explicitFileType = wrapper.cfbundle; includeInIndex = 0; path = AppTests.xctest; sourceTree = BUILT_PRODUCTS_DIR; };
		7540AA952925451B0029AA30 /* AppTests.swift */ = {isa = PBXFileReference; lastKnownFileType = sourcecode.swift; path = AppTests.swift; sourceTree = "<group>"; };
		7540AA9B2925451B0029AA30 /* AppUITests.xctest */ = {isa = PBXFileReference; explicitFileType = wrapper.cfbundle; includeInIndex = 0; path = AppUITests.xctest; sourceTree = BUILT_PRODUCTS_DIR; };
		7540AA9F2925451B0029AA30 /* AppUITests.swift */ = {isa = PBXFileReference; lastKnownFileType = sourcecode.swift; path = AppUITests.swift; sourceTree = "<group>"; };
		7540AAA12925451B0029AA30 /* AppUITestsLaunchTests.swift */ = {isa = PBXFileReference; lastKnownFileType = sourcecode.swift; path = AppUITestsLaunchTests.swift; sourceTree = "<group>"; };
		7540AAB3292545B00029AA30 /* CalculatorSDK.xcodeproj */ = {isa = PBXFileReference; lastKnownFileType = "wrapper.pb-project"; name = CalculatorSDK.xcodeproj; path = ../CalculatorSDK/CalculatorSDK.xcodeproj; sourceTree = "<group>"; };
		7540AAC129254B6E0029AA30 /* RootViewController.swift */ = {isa = PBXFileReference; lastKnownFileType = sourcecode.swift; path = RootViewController.swift; sourceTree = "<group>"; };
		7540AAC429254BE60029AA30 /* Inter-Regular.ttf */ = {isa = PBXFileReference; lastKnownFileType = file; name = "Inter-Regular.ttf"; path = "../../../../../Downloads/Inter/static/Inter-Regular.ttf"; sourceTree = "<group>"; };
		7540AAC529254BE60029AA30 /* Inter-Bold.ttf */ = {isa = PBXFileReference; lastKnownFileType = file; name = "Inter-Bold.ttf"; path = "../../../../../Downloads/Inter/static/Inter-Bold.ttf"; sourceTree = "<group>"; };
		7540AAC929254C800029AA30 /* UIFont.InterFontFamily.swift */ = {isa = PBXFileReference; lastKnownFileType = sourcecode.swift; path = UIFont.InterFontFamily.swift; sourceTree = "<group>"; };
		7540AB2029256CE50029AA30 /* CommonUI.xcodeproj */ = {isa = PBXFileReference; lastKnownFileType = "wrapper.pb-project"; name = CommonUI.xcodeproj; path = ../CommonUI/CommonUI.xcodeproj; sourceTree = "<group>"; };
		7540AB33292582970029AA30 /* RootViewController.View.swift */ = {isa = PBXFileReference; lastKnownFileType = sourcecode.swift; path = RootViewController.View.swift; sourceTree = "<group>"; };
/* End PBXFileReference section */

/* Begin PBXFrameworksBuildPhase section */
		7540AA782925451A0029AA30 /* Frameworks */ = {
			isa = PBXFrameworksBuildPhase;
			buildActionMask = 2147483647;
			files = (
			);
			runOnlyForDeploymentPostprocessing = 0;
		};
		7540AA8E2925451B0029AA30 /* Frameworks */ = {
			isa = PBXFrameworksBuildPhase;
			buildActionMask = 2147483647;
			files = (
			);
			runOnlyForDeploymentPostprocessing = 0;
		};
		7540AA982925451B0029AA30 /* Frameworks */ = {
			isa = PBXFrameworksBuildPhase;
			buildActionMask = 2147483647;
			files = (
			);
			runOnlyForDeploymentPostprocessing = 0;
		};
/* End PBXFrameworksBuildPhase section */

/* Begin PBXGroup section */
		7540AA722925451A0029AA30 = {
			isa = PBXGroup;
			children = (
				7540AA7D2925451A0029AA30 /* App */,
				7540AA942925451B0029AA30 /* AppTests */,
				7540AA9E2925451B0029AA30 /* AppUITests */,
				7540AAB2292545A40029AA30 /* References */,
				7540AA7C2925451A0029AA30 /* Products */,
			);
			sourceTree = "<group>";
		};
		7540AA7C2925451A0029AA30 /* Products */ = {
			isa = PBXGroup;
			children = (
				7540AA7B2925451A0029AA30 /* App.app */,
				7540AA912925451B0029AA30 /* AppTests.xctest */,
				7540AA9B2925451B0029AA30 /* AppUITests.xctest */,
			);
			name = Products;
			sourceTree = "<group>";
		};
		7540AA7D2925451A0029AA30 /* App */ = {
			isa = PBXGroup;
			children = (
				7540AABE2925492B0029AA30 /* Sources */,
				7540AAC329254BC30029AA30 /* Resources */,
				7540AA7E2925451A0029AA30 /* AppDelegate.swift */,
				7540AA8C2925451B0029AA30 /* Info.plist */,
			);
			path = App;
			sourceTree = "<group>";
		};
		7540AA942925451B0029AA30 /* AppTests */ = {
			isa = PBXGroup;
			children = (
				7540AA952925451B0029AA30 /* AppTests.swift */,
			);
			path = AppTests;
			sourceTree = "<group>";
		};
		7540AA9E2925451B0029AA30 /* AppUITests */ = {
			isa = PBXGroup;
			children = (
				7540AA9F2925451B0029AA30 /* AppUITests.swift */,
				7540AAA12925451B0029AA30 /* AppUITestsLaunchTests.swift */,
			);
			path = AppUITests;
			sourceTree = "<group>";
		};
		7540AAB2292545A40029AA30 /* References */ = {
			isa = PBXGroup;
			children = (
				7540AB2029256CE50029AA30 /* CommonUI.xcodeproj */,
				7540AAB3292545B00029AA30 /* CalculatorSDK.xcodeproj */,
			);
			name = References;
			sourceTree = "<group>";
		};
		7540AAB4292545B00029AA30 /* Products */ = {
			isa = PBXGroup;
			children = (
				7540AAB9292545B00029AA30 /* CalculatorSDK.framework */,
				7540AABB292545B00029AA30 /* CalculatorSDKTests.xctest */,
			);
			name = Products;
			sourceTree = "<group>";
		};
		7540AABE2925492B0029AA30 /* Sources */ = {
			isa = PBXGroup;
			children = (
				7540AAC829254C6D0029AA30 /* Extensions */,
				7540AAC029254B610029AA30 /* RootViewController */,
			);
			path = Sources;
			sourceTree = "<group>";
		};
		7540AAC029254B610029AA30 /* RootViewController */ = {
			isa = PBXGroup;
			children = (
				7540AAC129254B6E0029AA30 /* RootViewController.swift */,
				7540AB33292582970029AA30 /* RootViewController.View.swift */,
			);
			path = RootViewController;
			sourceTree = "<group>";
		};
		7540AAC329254BC30029AA30 /* Resources */ = {
			isa = PBXGroup;
			children = (
				7540AAC529254BE60029AA30 /* Inter-Bold.ttf */,
				7540AAC429254BE60029AA30 /* Inter-Regular.ttf */,
				7540AA872925451B0029AA30 /* Assets.xcassets */,
				7540AA892925451B0029AA30 /* LaunchScreen.storyboard */,
			);
			path = Resources;
			sourceTree = "<group>";
		};
		7540AAC829254C6D0029AA30 /* Extensions */ = {
			isa = PBXGroup;
			children = (
				7540AAC929254C800029AA30 /* UIFont.InterFontFamily.swift */,
			);
			path = Extensions;
			sourceTree = "<group>";
		};
		7540AB2129256CE50029AA30 /* Products */ = {
			isa = PBXGroup;
			children = (
				7540AB2629256CE50029AA30 /* CommonUI.framework */,
				7540AB2829256CE50029AA30 /* CommonUITests.xctest */,
			);
			name = Products;
			sourceTree = "<group>";
		};
/* End PBXGroup section */

/* Begin PBXNativeTarget section */
		7540AA7A2925451A0029AA30 /* App */ = {
			isa = PBXNativeTarget;
			buildConfigurationList = 7540AAA52925451B0029AA30 /* Build configuration list for PBXNativeTarget "App" */;
			buildPhases = (
				7540AA772925451A0029AA30 /* Sources */,
				7540AA782925451A0029AA30 /* Frameworks */,
				7540AA792925451A0029AA30 /* Resources */,
			);
			buildRules = (
			);
			dependencies = (
				7540AB2A29256CEE0029AA30 /* PBXTargetDependency */,
				7540AABD292545C50029AA30 /* PBXTargetDependency */,
			);
			name = App;
			productName = App;
			productReference = 7540AA7B2925451A0029AA30 /* App.app */;
			productType = "com.apple.product-type.application";
		};
		7540AA902925451B0029AA30 /* AppTests */ = {
			isa = PBXNativeTarget;
			buildConfigurationList = 7540AAA82925451B0029AA30 /* Build configuration list for PBXNativeTarget "AppTests" */;
			buildPhases = (
				7540AA8D2925451B0029AA30 /* Sources */,
				7540AA8E2925451B0029AA30 /* Frameworks */,
				7540AA8F2925451B0029AA30 /* Resources */,
			);
			buildRules = (
			);
			dependencies = (
				7540AA932925451B0029AA30 /* PBXTargetDependency */,
			);
			name = AppTests;
			productName = AppTests;
			productReference = 7540AA912925451B0029AA30 /* AppTests.xctest */;
			productType = "com.apple.product-type.bundle.unit-test";
		};
		7540AA9A2925451B0029AA30 /* AppUITests */ = {
			isa = PBXNativeTarget;
			buildConfigurationList = 7540AAAB2925451B0029AA30 /* Build configuration list for PBXNativeTarget "AppUITests" */;
			buildPhases = (
				7540AA972925451B0029AA30 /* Sources */,
				7540AA982925451B0029AA30 /* Frameworks */,
				7540AA992925451B0029AA30 /* Resources */,
			);
			buildRules = (
			);
			dependencies = (
				7540AA9D2925451B0029AA30 /* PBXTargetDependency */,
			);
			name = AppUITests;
			productName = AppUITests;
			productReference = 7540AA9B2925451B0029AA30 /* AppUITests.xctest */;
			productType = "com.apple.product-type.bundle.ui-testing";
		};
/* End PBXNativeTarget section */

/* Begin PBXProject section */
		7540AA732925451A0029AA30 /* Project object */ = {
			isa = PBXProject;
			attributes = {
				BuildIndependentTargetsInParallel = 1;
				LastSwiftUpdateCheck = 1410;
				LastUpgradeCheck = 1410;
				TargetAttributes = {
					7540AA7A2925451A0029AA30 = {
						CreatedOnToolsVersion = 14.1;
					};
					7540AA902925451B0029AA30 = {
						CreatedOnToolsVersion = 14.1;
						TestTargetID = 7540AA7A2925451A0029AA30;
					};
					7540AA9A2925451B0029AA30 = {
						CreatedOnToolsVersion = 14.1;
						TestTargetID = 7540AA7A2925451A0029AA30;
					};
				};
			};
			buildConfigurationList = 7540AA762925451A0029AA30 /* Build configuration list for PBXProject "App" */;
			compatibilityVersion = "Xcode 14.0";
			developmentRegion = en;
			hasScannedForEncodings = 0;
			knownRegions = (
				en,
				Base,
			);
			mainGroup = 7540AA722925451A0029AA30;
			productRefGroup = 7540AA7C2925451A0029AA30 /* Products */;
			projectDirPath = "";
			projectReferences = (
				{
					ProductGroup = 7540AAB4292545B00029AA30 /* Products */;
					ProjectRef = 7540AAB3292545B00029AA30 /* CalculatorSDK.xcodeproj */;
				},
				{
					ProductGroup = 7540AB2129256CE50029AA30 /* Products */;
					ProjectRef = 7540AB2029256CE50029AA30 /* CommonUI.xcodeproj */;
				},
			);
			projectRoot = "";
			targets = (
				7540AA7A2925451A0029AA30 /* App */,
				7540AA902925451B0029AA30 /* AppTests */,
				7540AA9A2925451B0029AA30 /* AppUITests */,
			);
		};
/* End PBXProject section */

/* Begin PBXReferenceProxy section */
		7540AAB9292545B00029AA30 /* CalculatorSDK.framework */ = {
			isa = PBXReferenceProxy;
			fileType = wrapper.framework;
			path = CalculatorSDK.framework;
			remoteRef = 7540AAB8292545B00029AA30 /* PBXContainerItemProxy */;
			sourceTree = BUILT_PRODUCTS_DIR;
		};
		7540AABB292545B00029AA30 /* CalculatorSDKTests.xctest */ = {
			isa = PBXReferenceProxy;
			fileType = wrapper.cfbundle;
			path = CalculatorSDKTests.xctest;
			remoteRef = 7540AABA292545B00029AA30 /* PBXContainerItemProxy */;
			sourceTree = BUILT_PRODUCTS_DIR;
		};
		7540AB2629256CE50029AA30 /* CommonUI.framework */ = {
			isa = PBXReferenceProxy;
			fileType = wrapper.framework;
			path = CommonUI.framework;
			remoteRef = 7540AB2529256CE50029AA30 /* PBXContainerItemProxy */;
			sourceTree = BUILT_PRODUCTS_DIR;
		};
		7540AB2829256CE50029AA30 /* CommonUITests.xctest */ = {
			isa = PBXReferenceProxy;
			fileType = wrapper.cfbundle;
			path = CommonUITests.xctest;
			remoteRef = 7540AB2729256CE50029AA30 /* PBXContainerItemProxy */;
			sourceTree = BUILT_PRODUCTS_DIR;
		};
/* End PBXReferenceProxy section */

/* Begin PBXResourcesBuildPhase section */
		7540AA792925451A0029AA30 /* Resources */ = {
			isa = PBXResourcesBuildPhase;
			buildActionMask = 2147483647;
			files = (
				7540AA8B2925451B0029AA30 /* LaunchScreen.storyboard in Resources */,
				7540AAC729254BE60029AA30 /* Inter-Bold.ttf in Resources */,
				7540AA882925451B0029AA30 /* Assets.xcassets in Resources */,
				7540AAC629254BE60029AA30 /* Inter-Regular.ttf in Resources */,
			);
			runOnlyForDeploymentPostprocessing = 0;
		};
		7540AA8F2925451B0029AA30 /* Resources */ = {
			isa = PBXResourcesBuildPhase;
			buildActionMask = 2147483647;
			files = (
			);
			runOnlyForDeploymentPostprocessing = 0;
		};
		7540AA992925451B0029AA30 /* Resources */ = {
			isa = PBXResourcesBuildPhase;
			buildActionMask = 2147483647;
			files = (
			);
			runOnlyForDeploymentPostprocessing = 0;
		};
/* End PBXResourcesBuildPhase section */

/* Begin PBXSourcesBuildPhase section */
		7540AA772925451A0029AA30 /* Sources */ = {
			isa = PBXSourcesBuildPhase;
			buildActionMask = 2147483647;
			files = (
				7540AB34292582970029AA30 /* RootViewController.View.swift in Sources */,
				7540AA7F2925451A0029AA30 /* AppDelegate.swift in Sources */,
				7540AACA29254C800029AA30 /* UIFont.InterFontFamily.swift in Sources */,
				7540AAC229254B6E0029AA30 /* RootViewController.swift in Sources */,
			);
			runOnlyForDeploymentPostprocessing = 0;
		};
		7540AA8D2925451B0029AA30 /* Sources */ = {
			isa = PBXSourcesBuildPhase;
			buildActionMask = 2147483647;
			files = (
				7540AA962925451B0029AA30 /* AppTests.swift in Sources */,
			);
			runOnlyForDeploymentPostprocessing = 0;
		};
		7540AA972925451B0029AA30 /* Sources */ = {
			isa = PBXSourcesBuildPhase;
			buildActionMask = 2147483647;
			files = (
				7540AAA22925451B0029AA30 /* AppUITestsLaunchTests.swift in Sources */,
				7540AAA02925451B0029AA30 /* AppUITests.swift in Sources */,
			);
			runOnlyForDeploymentPostprocessing = 0;
		};
/* End PBXSourcesBuildPhase section */

/* Begin PBXTargetDependency section */
		7540AA932925451B0029AA30 /* PBXTargetDependency */ = {
			isa = PBXTargetDependency;
			target = 7540AA7A2925451A0029AA30 /* App */;
			targetProxy = 7540AA922925451B0029AA30 /* PBXContainerItemProxy */;
		};
		7540AA9D2925451B0029AA30 /* PBXTargetDependency */ = {
			isa = PBXTargetDependency;
			target = 7540AA7A2925451A0029AA30 /* App */;
			targetProxy = 7540AA9C2925451B0029AA30 /* PBXContainerItemProxy */;
		};
		7540AABD292545C50029AA30 /* PBXTargetDependency */ = {
			isa = PBXTargetDependency;
			name = CalculatorSDK;
			targetProxy = 7540AABC292545C50029AA30 /* PBXContainerItemProxy */;
		};
		7540AB2A29256CEE0029AA30 /* PBXTargetDependency */ = {
			isa = PBXTargetDependency;
			name = CommonUI;
			targetProxy = 7540AB2929256CEE0029AA30 /* PBXContainerItemProxy */;
		};
/* End PBXTargetDependency section */

/* Begin PBXVariantGroup section */
		7540AA892925451B0029AA30 /* LaunchScreen.storyboard */ = {
			isa = PBXVariantGroup;
			children = (
				7540AA8A2925451B0029AA30 /* Base */,
			);
			name = LaunchScreen.storyboard;
			sourceTree = "<group>";
		};
/* End PBXVariantGroup section */

/* Begin XCBuildConfiguration section */
		7540AAA32925451B0029AA30 /* Debug */ = {
			isa = XCBuildConfiguration;
			buildSettings = {
				ALWAYS_SEARCH_USER_PATHS = NO;
				CLANG_ANALYZER_NONNULL = YES;
				CLANG_ANALYZER_NUMBER_OBJECT_CONVERSION = YES_AGGRESSIVE;
				CLANG_CXX_LANGUAGE_STANDARD = "gnu++20";
				CLANG_ENABLE_MODULES = YES;
				CLANG_ENABLE_OBJC_ARC = YES;
				CLANG_ENABLE_OBJC_WEAK = YES;
				CLANG_WARN_BLOCK_CAPTURE_AUTORELEASING = YES;
				CLANG_WARN_BOOL_CONVERSION = YES;
				CLANG_WARN_COMMA = YES;
				CLANG_WARN_CONSTANT_CONVERSION = YES;
				CLANG_WARN_DEPRECATED_OBJC_IMPLEMENTATIONS = YES;
				CLANG_WARN_DIRECT_OBJC_ISA_USAGE = YES_ERROR;
				CLANG_WARN_DOCUMENTATION_COMMENTS = YES;
				CLANG_WARN_EMPTY_BODY = YES;
				CLANG_WARN_ENUM_CONVERSION = YES;
				CLANG_WARN_INFINITE_RECURSION = YES;
				CLANG_WARN_INT_CONVERSION = YES;
				CLANG_WARN_NON_LITERAL_NULL_CONVERSION = YES;
				CLANG_WARN_OBJC_IMPLICIT_RETAIN_SELF = YES;
				CLANG_WARN_OBJC_LITERAL_CONVERSION = YES;
				CLANG_WARN_OBJC_ROOT_CLASS = YES_ERROR;
				CLANG_WARN_QUOTED_INCLUDE_IN_FRAMEWORK_HEADER = YES;
				CLANG_WARN_RANGE_LOOP_ANALYSIS = YES;
				CLANG_WARN_STRICT_PROTOTYPES = YES;
				CLANG_WARN_SUSPICIOUS_MOVE = YES;
				CLANG_WARN_UNGUARDED_AVAILABILITY = YES_AGGRESSIVE;
				CLANG_WARN_UNREACHABLE_CODE = YES;
				CLANG_WARN__DUPLICATE_METHOD_MATCH = YES;
				COPY_PHASE_STRIP = NO;
				DEBUG_INFORMATION_FORMAT = dwarf;
				ENABLE_STRICT_OBJC_MSGSEND = YES;
				ENABLE_TESTABILITY = YES;
				GCC_C_LANGUAGE_STANDARD = gnu11;
				GCC_DYNAMIC_NO_PIC = NO;
				GCC_NO_COMMON_BLOCKS = YES;
				GCC_OPTIMIZATION_LEVEL = 0;
				GCC_PREPROCESSOR_DEFINITIONS = (
					"DEBUG=1",
					"$(inherited)",
				);
				GCC_WARN_64_TO_32_BIT_CONVERSION = YES;
				GCC_WARN_ABOUT_RETURN_TYPE = YES_ERROR;
				GCC_WARN_UNDECLARED_SELECTOR = YES;
				GCC_WARN_UNINITIALIZED_AUTOS = YES_AGGRESSIVE;
				GCC_WARN_UNUSED_FUNCTION = YES;
				GCC_WARN_UNUSED_VARIABLE = YES;
				IPHONEOS_DEPLOYMENT_TARGET = 16.1;
				MTL_ENABLE_DEBUG_INFO = INCLUDE_SOURCE;
				MTL_FAST_MATH = YES;
				ONLY_ACTIVE_ARCH = YES;
				SDKROOT = iphoneos;
				SWIFT_ACTIVE_COMPILATION_CONDITIONS = DEBUG;
				SWIFT_OPTIMIZATION_LEVEL = "-Onone";
			};
			name = Debug;
		};
		7540AAA42925451B0029AA30 /* Release */ = {
			isa = XCBuildConfiguration;
			buildSettings = {
				ALWAYS_SEARCH_USER_PATHS = NO;
				CLANG_ANALYZER_NONNULL = YES;
				CLANG_ANALYZER_NUMBER_OBJECT_CONVERSION = YES_AGGRESSIVE;
				CLANG_CXX_LANGUAGE_STANDARD = "gnu++20";
				CLANG_ENABLE_MODULES = YES;
				CLANG_ENABLE_OBJC_ARC = YES;
				CLANG_ENABLE_OBJC_WEAK = YES;
				CLANG_WARN_BLOCK_CAPTURE_AUTORELEASING = YES;
				CLANG_WARN_BOOL_CONVERSION = YES;
				CLANG_WARN_COMMA = YES;
				CLANG_WARN_CONSTANT_CONVERSION = YES;
				CLANG_WARN_DEPRECATED_OBJC_IMPLEMENTATIONS = YES;
				CLANG_WARN_DIRECT_OBJC_ISA_USAGE = YES_ERROR;
				CLANG_WARN_DOCUMENTATION_COMMENTS = YES;
				CLANG_WARN_EMPTY_BODY = YES;
				CLANG_WARN_ENUM_CONVERSION = YES;
				CLANG_WARN_INFINITE_RECURSION = YES;
				CLANG_WARN_INT_CONVERSION = YES;
				CLANG_WARN_NON_LITERAL_NULL_CONVERSION = YES;
				CLANG_WARN_OBJC_IMPLICIT_RETAIN_SELF = YES;
				CLANG_WARN_OBJC_LITERAL_CONVERSION = YES;
				CLANG_WARN_OBJC_ROOT_CLASS = YES_ERROR;
				CLANG_WARN_QUOTED_INCLUDE_IN_FRAMEWORK_HEADER = YES;
				CLANG_WARN_RANGE_LOOP_ANALYSIS = YES;
				CLANG_WARN_STRICT_PROTOTYPES = YES;
				CLANG_WARN_SUSPICIOUS_MOVE = YES;
				CLANG_WARN_UNGUARDED_AVAILABILITY = YES_AGGRESSIVE;
				CLANG_WARN_UNREACHABLE_CODE = YES;
				CLANG_WARN__DUPLICATE_METHOD_MATCH = YES;
				COPY_PHASE_STRIP = NO;
				DEBUG_INFORMATION_FORMAT = "dwarf-with-dsym";
				ENABLE_NS_ASSERTIONS = NO;
				ENABLE_STRICT_OBJC_MSGSEND = YES;
				GCC_C_LANGUAGE_STANDARD = gnu11;
				GCC_NO_COMMON_BLOCKS = YES;
				GCC_WARN_64_TO_32_BIT_CONVERSION = YES;
				GCC_WARN_ABOUT_RETURN_TYPE = YES_ERROR;
				GCC_WARN_UNDECLARED_SELECTOR = YES;
				GCC_WARN_UNINITIALIZED_AUTOS = YES_AGGRESSIVE;
				GCC_WARN_UNUSED_FUNCTION = YES;
				GCC_WARN_UNUSED_VARIABLE = YES;
				IPHONEOS_DEPLOYMENT_TARGET = 16.1;
				MTL_ENABLE_DEBUG_INFO = NO;
				MTL_FAST_MATH = YES;
				SDKROOT = iphoneos;
				SWIFT_COMPILATION_MODE = wholemodule;
				SWIFT_OPTIMIZATION_LEVEL = "-O";
				VALIDATE_PRODUCT = YES;
			};
			name = Release;
		};
		7540AAA62925451B0029AA30 /* Debug */ = {
			isa = XCBuildConfiguration;
			buildSettings = {
				ASSETCATALOG_COMPILER_APPICON_NAME = AppIcon;
				ASSETCATALOG_COMPILER_GLOBAL_ACCENT_COLOR_NAME = AccentColor;
				CODE_SIGN_STYLE = Manual;
				CURRENT_PROJECT_VERSION = 1;
				DEVELOPMENT_TEAM = "";
				GENERATE_INFOPLIST_FILE = YES;
				INFOPLIST_FILE = App/Info.plist;
				INFOPLIST_KEY_UIApplicationSupportsIndirectInputEvents = YES;
				INFOPLIST_KEY_UILaunchStoryboardName = LaunchScreen;
				INFOPLIST_KEY_UISupportedInterfaceOrientations = "UIInterfaceOrientationLandscapeLeft UIInterfaceOrientationLandscapeRight UIInterfaceOrientationPortrait";
				INFOPLIST_KEY_UISupportedInterfaceOrientations_iPad = "UIInterfaceOrientationLandscapeLeft UIInterfaceOrientationLandscapeRight UIInterfaceOrientationPortrait UIInterfaceOrientationPortraitUpsideDown";
				IPHONEOS_DEPLOYMENT_TARGET = 13.0;
				LD_RUNPATH_SEARCH_PATHS = (
					"$(inherited)",
					"@executable_path/Frameworks",
				);
				MARKETING_VERSION = 1.0;
				PRODUCT_BUNDLE_IDENTIFIER = com.dukhovnyi.App;
				PRODUCT_NAME = "$(TARGET_NAME)";
				PROVISIONING_PROFILE_SPECIFIER = "";
				SWIFT_EMIT_LOC_STRINGS = YES;
				SWIFT_VERSION = 5.0;
				TARGETED_DEVICE_FAMILY = "1,2";
			};
			name = Debug;
		};
		7540AAA72925451B0029AA30 /* Release */ = {
			isa = XCBuildConfiguration;
			buildSettings = {
				ASSETCATALOG_COMPILER_APPICON_NAME = AppIcon;
				ASSETCATALOG_COMPILER_GLOBAL_ACCENT_COLOR_NAME = AccentColor;
				CODE_SIGN_STYLE = Manual;
				CURRENT_PROJECT_VERSION = 1;
				DEVELOPMENT_TEAM = "";
				GENERATE_INFOPLIST_FILE = YES;
				INFOPLIST_FILE = App/Info.plist;
				INFOPLIST_KEY_UIApplicationSupportsIndirectInputEvents = YES;
				INFOPLIST_KEY_UILaunchStoryboardName = LaunchScreen;
				INFOPLIST_KEY_UISupportedInterfaceOrientations = "UIInterfaceOrientationLandscapeLeft UIInterfaceOrientationLandscapeRight UIInterfaceOrientationPortrait";
				INFOPLIST_KEY_UISupportedInterfaceOrientations_iPad = "UIInterfaceOrientationLandscapeLeft UIInterfaceOrientationLandscapeRight UIInterfaceOrientationPortrait UIInterfaceOrientationPortraitUpsideDown";
				IPHONEOS_DEPLOYMENT_TARGET = 13.0;
				LD_RUNPATH_SEARCH_PATHS = (
					"$(inherited)",
					"@executable_path/Frameworks",
				);
				MARKETING_VERSION = 1.0;
				PRODUCT_BUNDLE_IDENTIFIER = com.dukhovnyi.App;
				PRODUCT_NAME = "$(TARGET_NAME)";
				PROVISIONING_PROFILE_SPECIFIER = "";
				SWIFT_EMIT_LOC_STRINGS = YES;
				SWIFT_VERSION = 5.0;
				TARGETED_DEVICE_FAMILY = "1,2";
			};
			name = Release;
		};
		7540AAA92925451B0029AA30 /* Debug */ = {
			isa = XCBuildConfiguration;
			buildSettings = {
				ALWAYS_EMBED_SWIFT_STANDARD_LIBRARIES = YES;
				BUNDLE_LOADER = "$(TEST_HOST)";
				CODE_SIGN_STYLE = Automatic;
				CURRENT_PROJECT_VERSION = 1;
				GENERATE_INFOPLIST_FILE = YES;
				IPHONEOS_DEPLOYMENT_TARGET = 16.1;
				MARKETING_VERSION = 1.0;
				PRODUCT_BUNDLE_IDENTIFIER = com.dukhovnyi.AppTests;
				PRODUCT_NAME = "$(TARGET_NAME)";
				SWIFT_EMIT_LOC_STRINGS = NO;
				SWIFT_VERSION = 5.0;
				TARGETED_DEVICE_FAMILY = "1,2";
				TEST_HOST = "$(BUILT_PRODUCTS_DIR)/App.app/$(BUNDLE_EXECUTABLE_FOLDER_PATH)/App";
			};
			name = Debug;
		};
		7540AAAA2925451B0029AA30 /* Release */ = {
			isa = XCBuildConfiguration;
			buildSettings = {
				ALWAYS_EMBED_SWIFT_STANDARD_LIBRARIES = YES;
				BUNDLE_LOADER = "$(TEST_HOST)";
				CODE_SIGN_STYLE = Automatic;
				CURRENT_PROJECT_VERSION = 1;
				GENERATE_INFOPLIST_FILE = YES;
				IPHONEOS_DEPLOYMENT_TARGET = 16.1;
				MARKETING_VERSION = 1.0;
				PRODUCT_BUNDLE_IDENTIFIER = com.dukhovnyi.AppTests;
				PRODUCT_NAME = "$(TARGET_NAME)";
				SWIFT_EMIT_LOC_STRINGS = NO;
				SWIFT_VERSION = 5.0;
				TARGETED_DEVICE_FAMILY = "1,2";
				TEST_HOST = "$(BUILT_PRODUCTS_DIR)/App.app/$(BUNDLE_EXECUTABLE_FOLDER_PATH)/App";
			};
			name = Release;
		};
		7540AAAC2925451B0029AA30 /* Debug */ = {
			isa = XCBuildConfiguration;
			buildSettings = {
				ALWAYS_EMBED_SWIFT_STANDARD_LIBRARIES = YES;
				CODE_SIGN_STYLE = Automatic;
				CURRENT_PROJECT_VERSION = 1;
				GENERATE_INFOPLIST_FILE = YES;
				MARKETING_VERSION = 1.0;
				PRODUCT_BUNDLE_IDENTIFIER = com.dukhovnyi.AppUITests;
				PRODUCT_NAME = "$(TARGET_NAME)";
				SWIFT_EMIT_LOC_STRINGS = NO;
				SWIFT_VERSION = 5.0;
				TARGETED_DEVICE_FAMILY = "1,2";
				TEST_TARGET_NAME = App;
			};
			name = Debug;
		};
		7540AAAD2925451B0029AA30 /* Release */ = {
			isa = XCBuildConfiguration;
			buildSettings = {
				ALWAYS_EMBED_SWIFT_STANDARD_LIBRARIES = YES;
				CODE_SIGN_STYLE = Automatic;
				CURRENT_PROJECT_VERSION = 1;
				GENERATE_INFOPLIST_FILE = YES;
				MARKETING_VERSION = 1.0;
				PRODUCT_BUNDLE_IDENTIFIER = com.dukhovnyi.AppUITests;
				PRODUCT_NAME = "$(TARGET_NAME)";
				SWIFT_EMIT_LOC_STRINGS = NO;
				SWIFT_VERSION = 5.0;
				TARGETED_DEVICE_FAMILY = "1,2";
				TEST_TARGET_NAME = App;
			};
			name = Release;
		};
/* End XCBuildConfiguration section */

/* Begin XCConfigurationList section */
		7540AA762925451A0029AA30 /* Build configuration list for PBXProject "App" */ = {
			isa = XCConfigurationList;
			buildConfigurations = (
				7540AAA32925451B0029AA30 /* Debug */,
				7540AAA42925451B0029AA30 /* Release */,
			);
			defaultConfigurationIsVisible = 0;
			defaultConfigurationName = Release;
		};
		7540AAA52925451B0029AA30 /* Build configuration list for PBXNativeTarget "App" */ = {
			isa = XCConfigurationList;
			buildConfigurations = (
				7540AAA62925451B0029AA30 /* Debug */,
				7540AAA72925451B0029AA30 /* Release */,
			);
			defaultConfigurationIsVisible = 0;
			defaultConfigurationName = Release;
		};
		7540AAA82925451B0029AA30 /* Build configuration list for PBXNativeTarget "AppTests" */ = {
			isa = XCConfigurationList;
			buildConfigurations = (
				7540AAA92925451B0029AA30 /* Debug */,
				7540AAAA2925451B0029AA30 /* Release */,
			);
			defaultConfigurationIsVisible = 0;
			defaultConfigurationName = Release;
		};
		7540AAAB2925451B0029AA30 /* Build configuration list for PBXNativeTarget "AppUITests" */ = {
			isa = XCConfigurationList;
			buildConfigurations = (
				7540AAAC2925451B0029AA30 /* Debug */,
				7540AAAD2925451B0029AA30 /* Release */,
			);
			defaultConfigurationIsVisible = 0;
			defaultConfigurationName = Release;
		};
/* End XCConfigurationList section */
	};
	rootObject = 7540AA732925451A0029AA30 /* Project object */;
}
