// !$*UTF8*$!
{
	archiveVersion = 1;
	classes = {
	};
	objectVersion = 56;
	objects = {

/* Begin PBXBuildFile section */
		7540AB75292703CB0029AA30 /* CommonKit.framework in Frameworks */ = {isa = PBXBuildFile; fileRef = 7540AB6C292703CB0029AA30 /* CommonKit.framework */; };
		7540AB7A292703CB0029AA30 /* ApiTests.swift in Sources */ = {isa = PBXBuildFile; fileRef = 7540AB79292703CB0029AA30 /* ApiTests.swift */; };
		7540AB7B292703CB0029AA30 /* CommonKit.h in Headers */ = {isa = PBXBuildFile; fileRef = 7540AB6F292703CB0029AA30 /* CommonKit.h */; settings = {ATTRIBUTES = (Public, ); }; };
		7540AB86292703DD0029AA30 /* Api.swift in Sources */ = {isa = PBXBuildFile; fileRef = 7540AB85292703DD0029AA30 /* Api.swift */; };
		7540AB88292703FE0029AA30 /* ApiClient.swift in Sources */ = {isa = PBXBuildFile; fileRef = 7540AB87292703FE0029AA30 /* ApiClient.swift */; };
		7540AB8A2927041E0029AA30 /* Api.Request.swift in Sources */ = {isa = PBXBuildFile; fileRef = 7540AB892927041E0029AA30 /* Api.Request.swift */; };
		7540ABA529280C5F0029AA30 /* ApiRequestTests.swift in Sources */ = {isa = PBXBuildFile; fileRef = 7540ABA429280C5F0029AA30 /* ApiRequestTests.swift */; };
		7540ABA829280F650029AA30 /* MockedUrlProtocol.swift in Sources */ = {isa = PBXBuildFile; fileRef = 7540ABA729280F650029AA30 /* MockedUrlProtocol.swift */; };
		7540ABAA29280FD10029AA30 /* ApiClientTests.swift in Sources */ = {isa = PBXBuildFile; fileRef = 7540ABA929280FD10029AA30 /* ApiClientTests.swift */; };
/* End PBXBuildFile section */

/* Begin PBXContainerItemProxy section */
		7540AB76292703CB0029AA30 /* PBXContainerItemProxy */ = {
			isa = PBXContainerItemProxy;
			containerPortal = 7540AB63292703CB0029AA30 /* Project object */;
			proxyType = 1;
			remoteGlobalIDString = 7540AB6B292703CB0029AA30;
			remoteInfo = CommonKit;
		};
/* End PBXContainerItemProxy section */

/* Begin PBXFileReference section */
		7540AB6C292703CB0029AA30 /* CommonKit.framework */ = {isa = PBXFileReference; explicitFileType = wrapper.framework; includeInIndex = 0; path = CommonKit.framework; sourceTree = BUILT_PRODUCTS_DIR; };
		7540AB6F292703CB0029AA30 /* CommonKit.h */ = {isa = PBXFileReference; lastKnownFileType = sourcecode.c.h; path = CommonKit.h; sourceTree = "<group>"; };
		7540AB74292703CB0029AA30 /* CommonKitTests.xctest */ = {isa = PBXFileReference; explicitFileType = wrapper.cfbundle; includeInIndex = 0; path = CommonKitTests.xctest; sourceTree = BUILT_PRODUCTS_DIR; };
		7540AB79292703CB0029AA30 /* ApiTests.swift */ = {isa = PBXFileReference; lastKnownFileType = sourcecode.swift; path = ApiTests.swift; sourceTree = "<group>"; };
		7540AB85292703DD0029AA30 /* Api.swift */ = {isa = PBXFileReference; lastKnownFileType = sourcecode.swift; path = Api.swift; sourceTree = "<group>"; };
		7540AB87292703FE0029AA30 /* ApiClient.swift */ = {isa = PBXFileReference; lastKnownFileType = sourcecode.swift; path = ApiClient.swift; sourceTree = "<group>"; };
		7540AB892927041E0029AA30 /* Api.Request.swift */ = {isa = PBXFileReference; lastKnownFileType = sourcecode.swift; path = Api.Request.swift; sourceTree = "<group>"; };
		7540ABA429280C5F0029AA30 /* ApiRequestTests.swift */ = {isa = PBXFileReference; lastKnownFileType = sourcecode.swift; path = ApiRequestTests.swift; sourceTree = "<group>"; };
		7540ABA729280F650029AA30 /* MockedUrlProtocol.swift */ = {isa = PBXFileReference; lastKnownFileType = sourcecode.swift; path = MockedUrlProtocol.swift; sourceTree = "<group>"; };
		7540ABA929280FD10029AA30 /* ApiClientTests.swift */ = {isa = PBXFileReference; lastKnownFileType = sourcecode.swift; path = ApiClientTests.swift; sourceTree = "<group>"; };
/* End PBXFileReference section */

/* Begin PBXFrameworksBuildPhase section */
		7540AB69292703CB0029AA30 /* Frameworks */ = {
			isa = PBXFrameworksBuildPhase;
			buildActionMask = 2147483647;
			files = (
			);
			runOnlyForDeploymentPostprocessing = 0;
		};
		7540AB71292703CB0029AA30 /* Frameworks */ = {
			isa = PBXFrameworksBuildPhase;
			buildActionMask = 2147483647;
			files = (
				7540AB75292703CB0029AA30 /* CommonKit.framework in Frameworks */,
			);
			runOnlyForDeploymentPostprocessing = 0;
		};
/* End PBXFrameworksBuildPhase section */

/* Begin PBXGroup section */
		7540AB62292703CB0029AA30 = {
			isa = PBXGroup;
			children = (
				7540AB6E292703CB0029AA30 /* CommonKit */,
				7540AB78292703CB0029AA30 /* CommonKitTests */,
				7540AB6D292703CB0029AA30 /* Products */,
			);
			sourceTree = "<group>";
		};
		7540AB6D292703CB0029AA30 /* Products */ = {
			isa = PBXGroup;
			children = (
				7540AB6C292703CB0029AA30 /* CommonKit.framework */,
				7540AB74292703CB0029AA30 /* CommonKitTests.xctest */,
			);
			name = Products;
			sourceTree = "<group>";
		};
		7540AB6E292703CB0029AA30 /* CommonKit */ = {
			isa = PBXGroup;
			children = (
				7540AB84292703D10029AA30 /* Sources */,
				7540AB6F292703CB0029AA30 /* CommonKit.h */,
			);
			path = CommonKit;
			sourceTree = "<group>";
		};
		7540AB78292703CB0029AA30 /* CommonKitTests */ = {
			isa = PBXGroup;
			children = (
				7540ABA629280F510029AA30 /* Mocks */,
				7540AB79292703CB0029AA30 /* ApiTests.swift */,
				7540ABA429280C5F0029AA30 /* ApiRequestTests.swift */,
				7540ABA929280FD10029AA30 /* ApiClientTests.swift */,
			);
			path = CommonKitTests;
			sourceTree = "<group>";
		};
		7540AB84292703D10029AA30 /* Sources */ = {
			isa = PBXGroup;
			children = (
				7540AB85292703DD0029AA30 /* Api.swift */,
				7540AB87292703FE0029AA30 /* ApiClient.swift */,
				7540AB892927041E0029AA30 /* Api.Request.swift */,
			);
			path = Sources;
			sourceTree = "<group>";
		};
		7540ABA629280F510029AA30 /* Mocks */ = {
			isa = PBXGroup;
			children = (
				7540ABA729280F650029AA30 /* MockedUrlProtocol.swift */,
			);
			path = Mocks;
			sourceTree = "<group>";
		};
/* End PBXGroup section */

/* Begin PBXHeadersBuildPhase section */
		7540AB67292703CB0029AA30 /* Headers */ = {
			isa = PBXHeadersBuildPhase;
			buildActionMask = 2147483647;
			files = (
				7540AB7B292703CB0029AA30 /* CommonKit.h in Headers */,
			);
			runOnlyForDeploymentPostprocessing = 0;
		};
/* End PBXHeadersBuildPhase section */

/* Begin PBXNativeTarget section */
		7540AB6B292703CB0029AA30 /* CommonKit */ = {
			isa = PBXNativeTarget;
			buildConfigurationList = 7540AB7E292703CB0029AA30 /* Build configuration list for PBXNativeTarget "CommonKit" */;
			buildPhases = (
				7540AB67292703CB0029AA30 /* Headers */,
				7540AB68292703CB0029AA30 /* Sources */,
				7540AB69292703CB0029AA30 /* Frameworks */,
				7540AB6A292703CB0029AA30 /* Resources */,
			);
			buildRules = (
			);
			dependencies = (
			);
			name = CommonKit;
			productName = CommonKit;
			productReference = 7540AB6C292703CB0029AA30 /* CommonKit.framework */;
			productType = "com.apple.product-type.framework";
		};
		7540AB73292703CB0029AA30 /* CommonKitTests */ = {
			isa = PBXNativeTarget;
			buildConfigurationList = 7540AB81292703CB0029AA30 /* Build configuration list for PBXNativeTarget "CommonKitTests" */;
			buildPhases = (
				7540AB70292703CB0029AA30 /* Sources */,
				7540AB71292703CB0029AA30 /* Frameworks */,
				7540AB72292703CB0029AA30 /* Resources */,
			);
			buildRules = (
			);
			dependencies = (
				7540AB77292703CB0029AA30 /* PBXTargetDependency */,
			);
			name = CommonKitTests;
			productName = CommonKitTests;
			productReference = 7540AB74292703CB0029AA30 /* CommonKitTests.xctest */;
			productType = "com.apple.product-type.bundle.unit-test";
		};
/* End PBXNativeTarget section */

/* Begin PBXProject section */
		7540AB63292703CB0029AA30 /* Project object */ = {
			isa = PBXProject;
			attributes = {
				BuildIndependentTargetsInParallel = 1;
				LastSwiftUpdateCheck = 1410;
				LastUpgradeCheck = 1410;
				TargetAttributes = {
					7540AB6B292703CB0029AA30 = {
						CreatedOnToolsVersion = 14.1;
						LastSwiftMigration = 1410;
					};
					7540AB73292703CB0029AA30 = {
						CreatedOnToolsVersion = 14.1;
					};
				};
			};
			buildConfigurationList = 7540AB66292703CB0029AA30 /* Build configuration list for PBXProject "CommonKit" */;
			compatibilityVersion = "Xcode 14.0";
			developmentRegion = en;
			hasScannedForEncodings = 0;
			knownRegions = (
				en,
				Base,
			);
			mainGroup = 7540AB62292703CB0029AA30;
			productRefGroup = 7540AB6D292703CB0029AA30 /* Products */;
			projectDirPath = "";
			projectRoot = "";
			targets = (
				7540AB6B292703CB0029AA30 /* CommonKit */,
				7540AB73292703CB0029AA30 /* CommonKitTests */,
			);
		};
/* End PBXProject section */

/* Begin PBXResourcesBuildPhase section */
		7540AB6A292703CB0029AA30 /* Resources */ = {
			isa = PBXResourcesBuildPhase;
			buildActionMask = 2147483647;
			files = (
			);
			runOnlyForDeploymentPostprocessing = 0;
		};
		7540AB72292703CB0029AA30 /* Resources */ = {
			isa = PBXResourcesBuildPhase;
			buildActionMask = 2147483647;
			files = (
			);
			runOnlyForDeploymentPostprocessing = 0;
		};
/* End PBXResourcesBuildPhase section */

/* Begin PBXSourcesBuildPhase section */
		7540AB68292703CB0029AA30 /* Sources */ = {
			isa = PBXSourcesBuildPhase;
			buildActionMask = 2147483647;
			files = (
				7540AB86292703DD0029AA30 /* Api.swift in Sources */,
				7540AB8A2927041E0029AA30 /* Api.Request.swift in Sources */,
				7540AB88292703FE0029AA30 /* ApiClient.swift in Sources */,
			);
			runOnlyForDeploymentPostprocessing = 0;
		};
		7540AB70292703CB0029AA30 /* Sources */ = {
			isa = PBXSourcesBuildPhase;
			buildActionMask = 2147483647;
			files = (
				7540ABA829280F650029AA30 /* MockedUrlProtocol.swift in Sources */,
				7540ABA529280C5F0029AA30 /* ApiRequestTests.swift in Sources */,
				7540AB7A292703CB0029AA30 /* ApiTests.swift in Sources */,
				7540ABAA29280FD10029AA30 /* ApiClientTests.swift in Sources */,
			);
			runOnlyForDeploymentPostprocessing = 0;
		};
/* End PBXSourcesBuildPhase section */

/* Begin PBXTargetDependency section */
		7540AB77292703CB0029AA30 /* PBXTargetDependency */ = {
			isa = PBXTargetDependency;
			target = 7540AB6B292703CB0029AA30 /* CommonKit */;
			targetProxy = 7540AB76292703CB0029AA30 /* PBXContainerItemProxy */;
		};
/* End PBXTargetDependency section */

/* Begin XCBuildConfiguration section */
		7540AB7C292703CB0029AA30 /* Debug */ = {
			isa = XCBuildConfiguration;
			buildSettings = {
				ALWAYS_SEARCH_USER_PATHS = NO;
				CLANG_ANALYZER_NONNULL = YES;
				CLANG_ANALYZER_NUMBER_OBJECT_CONVERSION = YES_AGGRESSIVE;
				CLANG_CXX_LANGUAGE_STANDARD = "gnu++20";
				CLANG_ENABLE_MODULES = YES;
				CLANG_ENABLE_OBJC_ARC = YES;
				CLANG_ENABLE_OBJC_WEAK = YES;
				CLANG_WARN_BLOCK_CAPTURE_AUTORELEASING = YES;
				CLANG_WARN_BOOL_CONVERSION = YES;
				CLANG_WARN_COMMA = YES;
				CLANG_WARN_CONSTANT_CONVERSION = YES;
				CLANG_WARN_DEPRECATED_OBJC_IMPLEMENTATIONS = YES;
				CLANG_WARN_DIRECT_OBJC_ISA_USAGE = YES_ERROR;
				CLANG_WARN_DOCUMENTATION_COMMENTS = YES;
				CLANG_WARN_EMPTY_BODY = YES;
				CLANG_WARN_ENUM_CONVERSION = YES;
				CLANG_WARN_INFINITE_RECURSION = YES;
				CLANG_WARN_INT_CONVERSION = YES;
				CLANG_WARN_NON_LITERAL_NULL_CONVERSION = YES;
				CLANG_WARN_OBJC_IMPLICIT_RETAIN_SELF = YES;
				CLANG_WARN_OBJC_LITERAL_CONVERSION = YES;
				CLANG_WARN_OBJC_ROOT_CLASS = YES_ERROR;
				CLANG_WARN_QUOTED_INCLUDE_IN_FRAMEWORK_HEADER = YES;
				CLANG_WARN_RANGE_LOOP_ANALYSIS = YES;
				CLANG_WARN_STRICT_PROTOTYPES = YES;
				CLANG_WARN_SUSPICIOUS_MOVE = YES;
				CLANG_WARN_UNGUARDED_AVAILABILITY = YES_AGGRESSIVE;
				CLANG_WARN_UNREACHABLE_CODE = YES;
				CLANG_WARN__DUPLICATE_METHOD_MATCH = YES;
				COPY_PHASE_STRIP = NO;
				CURRENT_PROJECT_VERSION = 1;
				DEBUG_INFORMATION_FORMAT = dwarf;
				ENABLE_STRICT_OBJC_MSGSEND = YES;
				ENABLE_TESTABILITY = YES;
				GCC_C_LANGUAGE_STANDARD = gnu11;
				GCC_DYNAMIC_NO_PIC = NO;
				GCC_NO_COMMON_BLOCKS = YES;
				GCC_OPTIMIZATION_LEVEL = 0;
				GCC_PREPROCESSOR_DEFINITIONS = (
					"DEBUG=1",
					"$(inherited)",
				);
				GCC_WARN_64_TO_32_BIT_CONVERSION = YES;
				GCC_WARN_ABOUT_RETURN_TYPE = YES_ERROR;
				GCC_WARN_UNDECLARED_SELECTOR = YES;
				GCC_WARN_UNINITIALIZED_AUTOS = YES_AGGRESSIVE;
				GCC_WARN_UNUSED_FUNCTION = YES;
				GCC_WARN_UNUSED_VARIABLE = YES;
				IPHONEOS_DEPLOYMENT_TARGET = 16.1;
				MTL_ENABLE_DEBUG_INFO = INCLUDE_SOURCE;
				MTL_FAST_MATH = YES;
				ONLY_ACTIVE_ARCH = YES;
				SDKROOT = iphoneos;
				SWIFT_ACTIVE_COMPILATION_CONDITIONS = DEBUG;
				SWIFT_OPTIMIZATION_LEVEL = "-Onone";
				VERSIONING_SYSTEM = "apple-generic";
				VERSION_INFO_PREFIX = "";
			};
			name = Debug;
		};
		7540AB7D292703CB0029AA30 /* Release */ = {
			isa = XCBuildConfiguration;
			buildSettings = {
				ALWAYS_SEARCH_USER_PATHS = NO;
				CLANG_ANALYZER_NONNULL = YES;
				CLANG_ANALYZER_NUMBER_OBJECT_CONVERSION = YES_AGGRESSIVE;
				CLANG_CXX_LANGUAGE_STANDARD = "gnu++20";
				CLANG_ENABLE_MODULES = YES;
				CLANG_ENABLE_OBJC_ARC = YES;
				CLANG_ENABLE_OBJC_WEAK = YES;
				CLANG_WARN_BLOCK_CAPTURE_AUTORELEASING = YES;
				CLANG_WARN_BOOL_CONVERSION = YES;
				CLANG_WARN_COMMA = YES;
				CLANG_WARN_CONSTANT_CONVERSION = YES;
				CLANG_WARN_DEPRECATED_OBJC_IMPLEMENTATIONS = YES;
				CLANG_WARN_DIRECT_OBJC_ISA_USAGE = YES_ERROR;
				CLANG_WARN_DOCUMENTATION_COMMENTS = YES;
				CLANG_WARN_EMPTY_BODY = YES;
				CLANG_WARN_ENUM_CONVERSION = YES;
				CLANG_WARN_INFINITE_RECURSION = YES;
				CLANG_WARN_INT_CONVERSION = YES;
				CLANG_WARN_NON_LITERAL_NULL_CONVERSION = YES;
				CLANG_WARN_OBJC_IMPLICIT_RETAIN_SELF = YES;
				CLANG_WARN_OBJC_LITERAL_CONVERSION = YES;
				CLANG_WARN_OBJC_ROOT_CLASS = YES_ERROR;
				CLANG_WARN_QUOTED_INCLUDE_IN_FRAMEWORK_HEADER = YES;
				CLANG_WARN_RANGE_LOOP_ANALYSIS = YES;
				CLANG_WARN_STRICT_PROTOTYPES = YES;
				CLANG_WARN_SUSPICIOUS_MOVE = YES;
				CLANG_WARN_UNGUARDED_AVAILABILITY = YES_AGGRESSIVE;
				CLANG_WARN_UNREACHABLE_CODE = YES;
				CLANG_WARN__DUPLICATE_METHOD_MATCH = YES;
				COPY_PHASE_STRIP = NO;
				CURRENT_PROJECT_VERSION = 1;
				DEBUG_INFORMATION_FORMAT = "dwarf-with-dsym";
				ENABLE_NS_ASSERTIONS = NO;
				ENABLE_STRICT_OBJC_MSGSEND = YES;
				GCC_C_LANGUAGE_STANDARD = gnu11;
				GCC_NO_COMMON_BLOCKS = YES;
				GCC_WARN_64_TO_32_BIT_CONVERSION = YES;
				GCC_WARN_ABOUT_RETURN_TYPE = YES_ERROR;
				GCC_WARN_UNDECLARED_SELECTOR = YES;
				GCC_WARN_UNINITIALIZED_AUTOS = YES_AGGRESSIVE;
				GCC_WARN_UNUSED_FUNCTION = YES;
				GCC_WARN_UNUSED_VARIABLE = YES;
				IPHONEOS_DEPLOYMENT_TARGET = 16.1;
				MTL_ENABLE_DEBUG_INFO = NO;
				MTL_FAST_MATH = YES;
				SDKROOT = iphoneos;
				SWIFT_COMPILATION_MODE = wholemodule;
				SWIFT_OPTIMIZATION_LEVEL = "-O";
				VALIDATE_PRODUCT = YES;
				VERSIONING_SYSTEM = "apple-generic";
				VERSION_INFO_PREFIX = "";
			};
			name = Release;
		};
		7540AB7F292703CB0029AA30 /* Debug */ = {
			isa = XCBuildConfiguration;
			buildSettings = {
				CLANG_ENABLE_MODULES = YES;
				CODE_SIGN_STYLE = Automatic;
				CURRENT_PROJECT_VERSION = 1;
				DEFINES_MODULE = YES;
				DYLIB_COMPATIBILITY_VERSION = 1;
				DYLIB_CURRENT_VERSION = 1;
				DYLIB_INSTALL_NAME_BASE = "@rpath";
				GENERATE_INFOPLIST_FILE = YES;
				INFOPLIST_KEY_NSHumanReadableCopyright = "";
				INSTALL_PATH = "$(LOCAL_LIBRARY_DIR)/Frameworks";
				IPHONEOS_DEPLOYMENT_TARGET = 13.0;
				LD_RUNPATH_SEARCH_PATHS = (
					"$(inherited)",
					"@executable_path/Frameworks",
					"@loader_path/Frameworks",
				);
				MARKETING_VERSION = 1.0;
				PRODUCT_BUNDLE_IDENTIFIER = com.dukhovnyi.CommonKit;
				PRODUCT_NAME = "$(TARGET_NAME:c99extidentifier)";
				SKIP_INSTALL = YES;
				SWIFT_EMIT_LOC_STRINGS = YES;
				SWIFT_OPTIMIZATION_LEVEL = "-Onone";
				SWIFT_VERSION = 5.0;
				TARGETED_DEVICE_FAMILY = "1,2";
			};
			name = Debug;
		};
		7540AB80292703CB0029AA30 /* Release */ = {
			isa = XCBuildConfiguration;
			buildSettings = {
				CLANG_ENABLE_MODULES = YES;
				CODE_SIGN_STYLE = Automatic;
				CURRENT_PROJECT_VERSION = 1;
				DEFINES_MODULE = YES;
				DYLIB_COMPATIBILITY_VERSION = 1;
				DYLIB_CURRENT_VERSION = 1;
				DYLIB_INSTALL_NAME_BASE = "@rpath";
				GENERATE_INFOPLIST_FILE = YES;
				INFOPLIST_KEY_NSHumanReadableCopyright = "";
				INSTALL_PATH = "$(LOCAL_LIBRARY_DIR)/Frameworks";
				IPHONEOS_DEPLOYMENT_TARGET = 13.0;
				LD_RUNPATH_SEARCH_PATHS = (
					"$(inherited)",
					"@executable_path/Frameworks",
					"@loader_path/Frameworks",
				);
				MARKETING_VERSION = 1.0;
				PRODUCT_BUNDLE_IDENTIFIER = com.dukhovnyi.CommonKit;
				PRODUCT_NAME = "$(TARGET_NAME:c99extidentifier)";
				SKIP_INSTALL = YES;
				SWIFT_EMIT_LOC_STRINGS = YES;
				SWIFT_VERSION = 5.0;
				TARGETED_DEVICE_FAMILY = "1,2";
			};
			name = Release;
		};
		7540AB82292703CB0029AA30 /* Debug */ = {
			isa = XCBuildConfiguration;
			buildSettings = {
				ALWAYS_EMBED_SWIFT_STANDARD_LIBRARIES = YES;
				CODE_SIGN_STYLE = Automatic;
				CURRENT_PROJECT_VERSION = 1;
				GENERATE_INFOPLIST_FILE = YES;
				IPHONEOS_DEPLOYMENT_TARGET = 13.0;
				MARKETING_VERSION = 1.0;
				PRODUCT_BUNDLE_IDENTIFIER = com.dukhovnyi.CommonKitTests;
				PRODUCT_NAME = "$(TARGET_NAME)";
				SWIFT_EMIT_LOC_STRINGS = NO;
				SWIFT_VERSION = 5.0;
				TARGETED_DEVICE_FAMILY = "1,2";
			};
			name = Debug;
		};
		7540AB83292703CB0029AA30 /* Release */ = {
			isa = XCBuildConfiguration;
			buildSettings = {
				ALWAYS_EMBED_SWIFT_STANDARD_LIBRARIES = YES;
				CODE_SIGN_STYLE = Automatic;
				CURRENT_PROJECT_VERSION = 1;
				GENERATE_INFOPLIST_FILE = YES;
				IPHONEOS_DEPLOYMENT_TARGET = 13.0;
				MARKETING_VERSION = 1.0;
				PRODUCT_BUNDLE_IDENTIFIER = com.dukhovnyi.CommonKitTests;
				PRODUCT_NAME = "$(TARGET_NAME)";
				SWIFT_EMIT_LOC_STRINGS = NO;
				SWIFT_VERSION = 5.0;
				TARGETED_DEVICE_FAMILY = "1,2";
			};
			name = Release;
		};
/* End XCBuildConfiguration section */

/* Begin XCConfigurationList section */
		7540AB66292703CB0029AA30 /* Build configuration list for PBXProject "CommonKit" */ = {
			isa = XCConfigurationList;
			buildConfigurations = (
				7540AB7C292703CB0029AA30 /* Debug */,
				7540AB7D292703CB0029AA30 /* Release */,
			);
			defaultConfigurationIsVisible = 0;
			defaultConfigurationName = Release;
		};
		7540AB7E292703CB0029AA30 /* Build configuration list for PBXNativeTarget "CommonKit" */ = {
			isa = XCConfigurationList;
			buildConfigurations = (
				7540AB7F292703CB0029AA30 /* Debug */,
				7540AB80292703CB0029AA30 /* Release */,
			);
			defaultConfigurationIsVisible = 0;
			defaultConfigurationName = Release;
		};
		7540AB81292703CB0029AA30 /* Build configuration list for PBXNativeTarget "CommonKitTests" */ = {
			isa = XCConfigurationList;
			buildConfigurations = (
				7540AB82292703CB0029AA30 /* Debug */,
				7540AB83292703CB0029AA30 /* Release */,
			);
			defaultConfigurationIsVisible = 0;
			defaultConfigurationName = Release;
		};
/* End XCConfigurationList section */
	};
	rootObject = 7540AB63292703CB0029AA30 /* Project object */;
}
